
Microsoft Visual Studio Solution File, Format Version 12.00
# Visual Studio Version 16
VisualStudioVersion = 16.0.31624.102
MinimumVisualStudioVersion = 10.0.40219.1
Project("{8BC9CEB8-8B4A-11D0-8D11-00A0C91BC942}") = "PR4.4", "PR4.4\PR4.4.vcxproj", "{E347A0C9-582D-421B-9BE0-0B7487B3273F}"
EndProject
Global
	GlobalSection(SolutionConfigurationPlatforms) = preSolution
		Debug|x64 = Debug|x64
		Debug|x86 = Debug|x86
		Release|x64 = Release|x64
		Release|x86 = Release|x86
	EndGlobalSection
	GlobalSection(ProjectConfigurationPlatforms) = postSolution
		{E347A0C9-582D-421B-9BE0-0B7487B3273F}.Debug|x64.ActiveCfg = Debug|x64
		{E347A0C9-582D-421B-9BE0-0B7487B3273F}.Debug|x64.Build.0 = Debug|x64
		{E347A0C9-582D-421B-9BE0-0B7487B3273F}.Debug|x86.ActiveCfg = Debug|Win32
		{E347A0C9-582D-421B-9BE0-0B7487B3273F}.Debug|x86.Build.0 = Debug|Win32
		{E347A0C9-582D-421B-9BE0-0B7487B3273F}.Release|x64.ActiveCfg = Release|x64
		{E347A0C9-582D-421B-9BE0-0B7487B3273F}.Release|x64.Build.0 = Release|x64
		{E347A0C9-582D-421B-9BE0-0B7487B3273F}.Release|x86.ActiveCfg = Release|Win32
		{E347A0C9-582D-421B-9BE0-0B7487B3273F}.Release|x86.Build.0 = Release|Win32
	EndGlobalSection
	GlobalSection(SolutionProperties) = preSolution
		HideSolutionNode = FALSE
	EndGlobalSection
	GlobalSection(ExtensibilityGlobals) = postSolution
		SolutionGuid = {1F5C1D69-6FDF-4432-B32B-EB7F25F65644}
	EndGlobalSection
EndGlobal
